// !$*UTF8*$!
{
	archiveVersion = 1;
	classes = {
	};
	objectVersion = 46;
	objects = {

/* Begin PBXBuildFile section */
		13B07FBC1A68108700A75B9A /* AppDelegate.m in Sources */ = {isa = PBXBuildFile; fileRef = 13B07FB01A68108700A75B9A /* AppDelegate.m */; };
		13B07FBD1A68108700A75B9A /* LaunchScreen.xib in Resources */ = {isa = PBXBuildFile; fileRef = 13B07FB11A68108700A75B9A /* LaunchScreen.xib */; };
		13B07FBF1A68108700A75B9A /* Images.xcassets in Resources */ = {isa = PBXBuildFile; fileRef = 13B07FB51A68108700A75B9A /* Images.xcassets */; };
		13B07FC11A68108700A75B9A /* main.m in Sources */ = {isa = PBXBuildFile; fileRef = 13B07FB71A68108700A75B9A /* main.m */; };
		1B2C3E54879784546EC61B77 /* libPods-rentachef.a in Frameworks */ = {isa = PBXBuildFile; fileRef = 930A1036039D2A78FFED6B28 /* libPods-rentachef.a */; };
		EF43A9FB26D70BB60070E130 /* LaunchScreen.storyboard in Resources */ = {isa = PBXBuildFile; fileRef = EF43A9FA26D70BB60070E130 /* LaunchScreen.storyboard */; };
		EFB6D34D295CE35A00F8296E /* main.jsbundle in Resources */ = {isa = PBXBuildFile; fileRef = 008F07F21AC5B25A0029DE68 /* main.jsbundle */; };
		EFB6D37D295D01B900F8296E /* src in Resources */ = {isa = PBXBuildFile; fileRef = EFB6D357295D01B700F8296E /* src */; };
		EFB6D384295D01B900F8296E /* chef-profile-sign-up in Resources */ = {isa = PBXBuildFile; fileRef = EFB6D35E295D01B700F8296E /* chef-profile-sign-up */; };
		EFB6D389295D01B900F8296E /* img in Resources */ = {isa = PBXBuildFile; fileRef = EFB6D363295D01B800F8296E /* img */; };
		EFB6D38B295D01B900F8296E /* pre-sign-up in Resources */ = {isa = PBXBuildFile; fileRef = EFB6D365295D01B800F8296E /* pre-sign-up */; };
		EFB6D390295D01B900F8296E /* assets in Resources */ = {isa = PBXBuildFile; fileRef = EFB6D36A295D01B800F8296E /* assets */; };
		EFE1C415295CC60B000D5122 /* Karla-Bold.ttf in Resources */ = {isa = PBXBuildFile; fileRef = EFF3C9B226CC1EF60042FCD1 /* Karla-Bold.ttf */; };
		EFE1C416295CC60B000D5122 /* Karla-ExtraBold.ttf in Resources */ = {isa = PBXBuildFile; fileRef = EFE4D30F26CB2D6C008924CA /* Karla-ExtraBold.ttf */; };
		EFE1C417295CC60B000D5122 /* Karla-ExtraBoldItalic.ttf in Resources */ = {isa = PBXBuildFile; fileRef = EFE4D30B26CB2D6C008924CA /* Karla-ExtraBoldItalic.ttf */; };
		EFE1C418295CC60B000D5122 /* Karla-ExtraLight.ttf in Resources */ = {isa = PBXBuildFile; fileRef = EFE4D30826CB2D6C008924CA /* Karla-ExtraLight.ttf */; };
		EFE1C419295CC60B000D5122 /* Karla-ExtraLightItalic.ttf in Resources */ = {isa = PBXBuildFile; fileRef = EFE4D30C26CB2D6C008924CA /* Karla-ExtraLightItalic.ttf */; };
		EFE1C41A295CC60B000D5122 /* Karla-Italic.ttf in Resources */ = {isa = PBXBuildFile; fileRef = EFE4D30526CB2D6C008924CA /* Karla-Italic.ttf */; };
		EFE1C41B295CC60B000D5122 /* Karla-Light.ttf in Resources */ = {isa = PBXBuildFile; fileRef = EFE4D31026CB2D6C008924CA /* Karla-Light.ttf */; };
		EFE1C41C295CC60B000D5122 /* Karla-LightItalic.ttf in Resources */ = {isa = PBXBuildFile; fileRef = EFE4D30626CB2D6C008924CA /* Karla-LightItalic.ttf */; };
		EFE1C41D295CC60B000D5122 /* Karla-Medium.ttf in Resources */ = {isa = PBXBuildFile; fileRef = EFE4D30D26CB2D6C008924CA /* Karla-Medium.ttf */; };
		EFE1C41E295CC60B000D5122 /* Karla-MediumItalic.ttf in Resources */ = {isa = PBXBuildFile; fileRef = EFE4D30926CB2D6C008924CA /* Karla-MediumItalic.ttf */; };
		EFE1C41F295CC60B000D5122 /* Karla-Regular.ttf in Resources */ = {isa = PBXBuildFile; fileRef = EFE4D30E26CB2D6C008924CA /* Karla-Regular.ttf */; };
		EFE1C420295CC60B000D5122 /* Karla-SemiBold.ttf in Resources */ = {isa = PBXBuildFile; fileRef = EFE4D30726CB2D6C008924CA /* Karla-SemiBold.ttf */; };
		EFE1C421295CC60B000D5122 /* Karla-SemiBoldItalic.ttf in Resources */ = {isa = PBXBuildFile; fileRef = EFE4D30A26CB2D6C008924CA /* Karla-SemiBoldItalic.ttf */; };
/* End PBXBuildFile section */

/* Begin PBXFileReference section */
		0029968125C941BA990796B2 /* Feather.ttf */ = {isa = PBXFileReference; explicitFileType = undefined; fileEncoding = 9; includeInIndex = 0; lastKnownFileType = unknown; name = Feather.ttf; path = "../node_modules/react-native-vector-icons/Fonts/Feather.ttf"; sourceTree = "<group>"; };
		008F07F21AC5B25A0029DE68 /* main.jsbundle */ = {isa = PBXFileReference; fileEncoding = 4; lastKnownFileType = text; path = main.jsbundle; sourceTree = "<group>"; };
		00E356F11AD99517003FC87E /* Info.plist */ = {isa = PBXFileReference; lastKnownFileType = text.plist.xml; path = Info.plist; sourceTree = "<group>"; };
		00E356F21AD99517003FC87E /* rentachefTests.m */ = {isa = PBXFileReference; lastKnownFileType = sourcecode.c.objc; path = rentachefTests.m; sourceTree = "<group>"; };
		04BD3332AE92DC8F26D63F59 /* Pods-rentachef-rentachefTests.debug.xcconfig */ = {isa = PBXFileReference; includeInIndex = 1; lastKnownFileType = text.xcconfig; name = "Pods-rentachef-rentachefTests.debug.xcconfig"; path = "Target Support Files/Pods-rentachef-rentachefTests/Pods-rentachef-rentachefTests.debug.xcconfig"; sourceTree = "<group>"; };
		0BFDD362A0B54AA2B2401C5D /* AntDesign.ttf */ = {isa = PBXFileReference; explicitFileType = undefined; fileEncoding = 9; includeInIndex = 0; lastKnownFileType = unknown; name = AntDesign.ttf; path = "../node_modules/react-native-vector-icons/Fonts/AntDesign.ttf"; sourceTree = "<group>"; };
		0D9F5E355309329A68BAEE60 /* Pods-rentachef-tvOSTests.release.xcconfig */ = {isa = PBXFileReference; includeInIndex = 1; lastKnownFileType = text.xcconfig; name = "Pods-rentachef-tvOSTests.release.xcconfig"; path = "Target Support Files/Pods-rentachef-tvOSTests/Pods-rentachef-tvOSTests.release.xcconfig"; sourceTree = "<group>"; };
		13B07F961A680F5B00A75B9A /* rentachef.app */ = {isa = PBXFileReference; explicitFileType = wrapper.application; includeInIndex = 0; path = rentachef.app; sourceTree = BUILT_PRODUCTS_DIR; };
		13B07FAF1A68108700A75B9A /* AppDelegate.h */ = {isa = PBXFileReference; fileEncoding = 4; lastKnownFileType = sourcecode.c.h; name = AppDelegate.h; path = rentachef/AppDelegate.h; sourceTree = "<group>"; };
		13B07FB01A68108700A75B9A /* AppDelegate.m */ = {isa = PBXFileReference; fileEncoding = 4; lastKnownFileType = sourcecode.c.objc; name = AppDelegate.m; path = rentachef/AppDelegate.m; sourceTree = "<group>"; };
		13B07FB21A68108700A75B9A /* Base */ = {isa = PBXFileReference; lastKnownFileType = file.xib; name = Base; path = Base.lproj/LaunchScreen.xib; sourceTree = "<group>"; };
		13B07FB51A68108700A75B9A /* Images.xcassets */ = {isa = PBXFileReference; lastKnownFileType = folder.assetcatalog; name = Images.xcassets; path = rentachef/Images.xcassets; sourceTree = "<group>"; };
		13B07FB61A68108700A75B9A /* Info.plist */ = {isa = PBXFileReference; fileEncoding = 4; lastKnownFileType = text.plist.xml; name = Info.plist; path = rentachef/Info.plist; sourceTree = "<group>"; };
		13B07FB71A68108700A75B9A /* main.m */ = {isa = PBXFileReference; fileEncoding = 4; lastKnownFileType = sourcecode.c.objc; name = main.m; path = rentachef/main.m; sourceTree = "<group>"; };
		1B5D4A2A63A341A0973BEF3B /* Octicons.ttf */ = {isa = PBXFileReference; explicitFileType = undefined; fileEncoding = 9; includeInIndex = 0; lastKnownFileType = unknown; name = Octicons.ttf; path = "../node_modules/react-native-vector-icons/Fonts/Octicons.ttf"; sourceTree = "<group>"; };
		228DE1BEFDF24893AD047F92 /* Zocial.ttf */ = {isa = PBXFileReference; explicitFileType = undefined; fileEncoding = 9; includeInIndex = 0; lastKnownFileType = unknown; name = Zocial.ttf; path = "../node_modules/react-native-vector-icons/Fonts/Zocial.ttf"; sourceTree = "<group>"; };
		3ED0D9C627F64F42810046F8 /* Entypo.ttf */ = {isa = PBXFileReference; explicitFileType = undefined; fileEncoding = 9; includeInIndex = 0; lastKnownFileType = unknown; name = Entypo.ttf; path = "../node_modules/react-native-vector-icons/Fonts/Entypo.ttf"; sourceTree = "<group>"; };
		4C0601934CCB4091A22B55D8 /* Foundation.ttf */ = {isa = PBXFileReference; explicitFileType = undefined; fileEncoding = 9; includeInIndex = 0; lastKnownFileType = unknown; name = Foundation.ttf; path = "../node_modules/react-native-vector-icons/Fonts/Foundation.ttf"; sourceTree = "<group>"; };
		5052F4EA194645CFB167CDD4 /* EvilIcons.ttf */ = {isa = PBXFileReference; explicitFileType = undefined; fileEncoding = 9; includeInIndex = 0; lastKnownFileType = unknown; name = EvilIcons.ttf; path = "../node_modules/react-native-vector-icons/Fonts/EvilIcons.ttf"; sourceTree = "<group>"; };
		65D264B9DE8FFEC4213C61DD /* Pods-rentachef.release.xcconfig */ = {isa = PBXFileReference; includeInIndex = 1; lastKnownFileType = text.xcconfig; name = "Pods-rentachef.release.xcconfig"; path = "Target Support Files/Pods-rentachef/Pods-rentachef.release.xcconfig"; sourceTree = "<group>"; };
		666FA9F8AE296B66CEF31D56 /* Pods-rentachef-tvOS.debug.xcconfig */ = {isa = PBXFileReference; includeInIndex = 1; lastKnownFileType = text.xcconfig; name = "Pods-rentachef-tvOS.debug.xcconfig"; path = "Target Support Files/Pods-rentachef-tvOS/Pods-rentachef-tvOS.debug.xcconfig"; sourceTree = "<group>"; };
		708039BCD853C7124EFD3996 /* Pods-rentachef-tvOSTests.debug.xcconfig */ = {isa = PBXFileReference; includeInIndex = 1; lastKnownFileType = text.xcconfig; name = "Pods-rentachef-tvOSTests.debug.xcconfig"; path = "Target Support Files/Pods-rentachef-tvOSTests/Pods-rentachef-tvOSTests.debug.xcconfig"; sourceTree = "<group>"; };
		713DC339D86B47CE840A54C7 /* FontAwesome5_Brands.ttf */ = {isa = PBXFileReference; explicitFileType = undefined; fileEncoding = 9; includeInIndex = 0; lastKnownFileType = unknown; name = FontAwesome5_Brands.ttf; path = "../node_modules/react-native-vector-icons/Fonts/FontAwesome5_Brands.ttf"; sourceTree = "<group>"; };
		770DFC09A9F94B448F071B89 /* Fontisto.ttf */ = {isa = PBXFileReference; explicitFileType = undefined; fileEncoding = 9; includeInIndex = 0; lastKnownFileType = unknown; name = Fontisto.ttf; path = "../node_modules/react-native-vector-icons/Fonts/Fontisto.ttf"; sourceTree = "<group>"; };
		809455A672AC4567850ABB19 /* FontAwesome5_Solid.ttf */ = {isa = PBXFileReference; explicitFileType = undefined; fileEncoding = 9; includeInIndex = 0; lastKnownFileType = unknown; name = FontAwesome5_Solid.ttf; path = "../node_modules/react-native-vector-icons/Fonts/FontAwesome5_Solid.ttf"; sourceTree = "<group>"; };
		89C642C454464CB6904BE298 /* FontAwesome5_Regular.ttf */ = {isa = PBXFileReference; explicitFileType = undefined; fileEncoding = 9; includeInIndex = 0; lastKnownFileType = unknown; name = FontAwesome5_Regular.ttf; path = "../node_modules/react-native-vector-icons/Fonts/FontAwesome5_Regular.ttf"; sourceTree = "<group>"; };
		930A1036039D2A78FFED6B28 /* libPods-rentachef.a */ = {isa = PBXFileReference; explicitFileType = archive.ar; includeInIndex = 0; path = "libPods-rentachef.a"; sourceTree = BUILT_PRODUCTS_DIR; };
		A7957B51D22E467D8AB3ACF8 /* FontAwesome.ttf */ = {isa = PBXFileReference; explicitFileType = undefined; fileEncoding = 9; includeInIndex = 0; lastKnownFileType = unknown; name = FontAwesome.ttf; path = "../node_modules/react-native-vector-icons/Fonts/FontAwesome.ttf"; sourceTree = "<group>"; };
		B3F13D0CDBF4443BA6DB83AD /* SimpleLineIcons.ttf */ = {isa = PBXFileReference; explicitFileType = undefined; fileEncoding = 9; includeInIndex = 0; lastKnownFileType = unknown; name = SimpleLineIcons.ttf; path = "../node_modules/react-native-vector-icons/Fonts/SimpleLineIcons.ttf"; sourceTree = "<group>"; };
		BC7A5F2B3DBD9A766703D6C6 /* libPods-rentachef-rentachefTests.a */ = {isa = PBXFileReference; explicitFileType = archive.ar; includeInIndex = 0; path = "libPods-rentachef-rentachefTests.a"; sourceTree = BUILT_PRODUCTS_DIR; };
		BE263BAB9FD64A219C54AD75 /* MaterialIcons.ttf */ = {isa = PBXFileReference; explicitFileType = undefined; fileEncoding = 9; includeInIndex = 0; lastKnownFileType = unknown; name = MaterialIcons.ttf; path = "../node_modules/react-native-vector-icons/Fonts/MaterialIcons.ttf"; sourceTree = "<group>"; };
		C0D0AB4CE6E1E3F9FAB615C5 /* Pods-rentachef.debug.xcconfig */ = {isa = PBXFileReference; includeInIndex = 1; lastKnownFileType = text.xcconfig; name = "Pods-rentachef.debug.xcconfig"; path = "Target Support Files/Pods-rentachef/Pods-rentachef.debug.xcconfig"; sourceTree = "<group>"; };
		C38BA5F7F31AA780D2778A8F /* Pods-rentachef-rentachefTests.release.xcconfig */ = {isa = PBXFileReference; includeInIndex = 1; lastKnownFileType = text.xcconfig; name = "Pods-rentachef-rentachefTests.release.xcconfig"; path = "Target Support Files/Pods-rentachef-rentachefTests/Pods-rentachef-rentachefTests.release.xcconfig"; sourceTree = "<group>"; };
		CFA1E989270444C18AE40844 /* MaterialCommunityIcons.ttf */ = {isa = PBXFileReference; explicitFileType = undefined; fileEncoding = 9; includeInIndex = 0; lastKnownFileType = unknown; name = MaterialCommunityIcons.ttf; path = "../node_modules/react-native-vector-icons/Fonts/MaterialCommunityIcons.ttf"; sourceTree = "<group>"; };
		CFCE477C59C3C02063854D04 /* libPods-rentachef-tvOS.a */ = {isa = PBXFileReference; explicitFileType = archive.ar; includeInIndex = 0; path = "libPods-rentachef-tvOS.a"; sourceTree = BUILT_PRODUCTS_DIR; };
		D2CC21E62A8878EC573608DB /* libPods-rentachef-tvOSTests.a */ = {isa = PBXFileReference; explicitFileType = archive.ar; includeInIndex = 0; path = "libPods-rentachef-tvOSTests.a"; sourceTree = BUILT_PRODUCTS_DIR; };
		EC48957140D9293A51400CDF /* Pods-rentachef-tvOS.release.xcconfig */ = {isa = PBXFileReference; includeInIndex = 1; lastKnownFileType = text.xcconfig; name = "Pods-rentachef-tvOS.release.xcconfig"; path = "Target Support Files/Pods-rentachef-tvOS/Pods-rentachef-tvOS.release.xcconfig"; sourceTree = "<group>"; };
		ED297162215061F000B7C4FE /* JavaScriptCore.framework */ = {isa = PBXFileReference; lastKnownFileType = wrapper.framework; name = JavaScriptCore.framework; path = System/Library/Frameworks/JavaScriptCore.framework; sourceTree = SDKROOT; };
		ED2971642150620600B7C4FE /* JavaScriptCore.framework */ = {isa = PBXFileReference; lastKnownFileType = wrapper.framework; name = JavaScriptCore.framework; path = Platforms/AppleTVOS.platform/Developer/SDKs/AppleTVOS12.0.sdk/System/Library/Frameworks/JavaScriptCore.framework; sourceTree = DEVELOPER_DIR; };
		EF43A9FA26D70BB60070E130 /* LaunchScreen.storyboard */ = {isa = PBXFileReference; fileEncoding = 4; lastKnownFileType = file.storyboard; path = LaunchScreen.storyboard; sourceTree = "<group>"; };
		EF8349A6270E56C500A646C7 /* rentachef.entitlements */ = {isa = PBXFileReference; lastKnownFileType = text.plist.entitlements; name = rentachef.entitlements; path = rentachef/rentachef.entitlements; sourceTree = "<group>"; };
		EFB6D34E295D002200F8296E /* assets */ = {isa = PBXFileReference; lastKnownFileType = folder; path = assets; sourceTree = "<group>"; };
		EFB6D350295D005C00F8296E /* src */ = {isa = PBXFileReference; lastKnownFileType = folder; name = src; path = assets/src; sourceTree = "<group>"; };
		EFB6D352295D017D00F8296E /* src */ = {isa = PBXFileReference; lastKnownFileType = folder; name = src; path = assets/src; sourceTree = "<group>"; };
		EFB6D354295D01B600F8296E /* soup_2.png */ = {isa = PBXFileReference; lastKnownFileType = image.png; name = soup_2.png; path = assets/src/assets/img/soup_2.png; sourceTree = "<group>"; };
		EFB6D355295D01B600F8296E /* onboarding_2.png */ = {isa = PBXFileReference; lastKnownFileType = image.png; name = onboarding_2.png; path = assets/src/assets/img/onboarding_2.png; sourceTree = "<group>"; };
		EFB6D356295D01B700F8296E /* pizza_2.jpg */ = {isa = PBXFileReference; lastKnownFileType = image.jpeg; name = pizza_2.jpg; path = assets/src/assets/img/pizza_2.jpg; sourceTree = "<group>"; };
		EFB6D357295D01B700F8296E /* src */ = {isa = PBXFileReference; lastKnownFileType = folder; name = src; path = assets/src; sourceTree = "<group>"; };
		EFB6D358295D01B700F8296E /* about_1.jpg */ = {isa = PBXFileReference; lastKnownFileType = image.jpeg; name = about_1.jpg; path = assets/src/assets/img/about_1.jpg; sourceTree = "<group>"; };
		EFB6D359295D01B700F8296E /* profile-setup-background-png.png */ = {isa = PBXFileReference; lastKnownFileType = image.png; name = "profile-setup-background-png.png"; path = "assets/src/assets/profile-setup-background-png.png"; sourceTree = "<group>"; };
		EFB6D35A295D01B700F8296E /* logo.png */ = {isa = PBXFileReference; lastKnownFileType = image.png; name = logo.png; path = assets/src/assets/img/logo.png; sourceTree = "<group>"; };
		EFB6D35B295D01B700F8296E /* salad_1.jpg */ = {isa = PBXFileReference; lastKnownFileType = image.jpeg; name = salad_1.jpg; path = assets/src/assets/img/salad_1.jpg; sourceTree = "<group>"; };
		EFB6D35C295D01B700F8296E /* cake_2.jpg */ = {isa = PBXFileReference; lastKnownFileType = image.jpeg; name = cake_2.jpg; path = assets/src/assets/img/cake_2.jpg; sourceTree = "<group>"; };
		EFB6D35D295D01B700F8296E /* spaghetti_2.jpg */ = {isa = PBXFileReference; lastKnownFileType = image.jpeg; name = spaghetti_2.jpg; path = assets/src/assets/img/spaghetti_2.jpg; sourceTree = "<group>"; };
		EFB6D35E295D01B700F8296E /* chef-profile-sign-up */ = {isa = PBXFileReference; lastKnownFileType = folder; name = "chef-profile-sign-up"; path = "assets/src/assets/chef-profile-sign-up"; sourceTree = "<group>"; };
		EFB6D35F295D01B700F8296E /* pizza_3.jpg */ = {isa = PBXFileReference; lastKnownFileType = image.jpeg; name = pizza_3.jpg; path = assets/src/assets/img/pizza_3.jpg; sourceTree = "<group>"; };
		EFB6D360295D01B700F8296E /* check-graphic.png */ = {isa = PBXFileReference; lastKnownFileType = image.png; name = "check-graphic.png"; path = "assets/src/assets/chef-profile-sign-up/check-graphic.png"; sourceTree = "<group>"; };
		EFB6D361295D01B700F8296E /* cake_3.png */ = {isa = PBXFileReference; lastKnownFileType = image.png; name = cake_3.png; path = assets/src/assets/img/cake_3.png; sourceTree = "<group>"; };
		EFB6D362295D01B700F8296E /* meat_1.jpg */ = {isa = PBXFileReference; lastKnownFileType = image.jpeg; name = meat_1.jpg; path = assets/src/assets/img/meat_1.jpg; sourceTree = "<group>"; };
		EFB6D363295D01B800F8296E /* img */ = {isa = PBXFileReference; lastKnownFileType = folder; name = img; path = assets/src/assets/img; sourceTree = "<group>"; };
		EFB6D364295D01B800F8296E /* onboarding_3.png */ = {isa = PBXFileReference; lastKnownFileType = image.png; name = onboarding_3.png; path = assets/src/assets/img/onboarding_3.png; sourceTree = "<group>"; };
		EFB6D365295D01B800F8296E /* pre-sign-up */ = {isa = PBXFileReference; lastKnownFileType = folder; name = "pre-sign-up"; path = "assets/src/assets/pre-sign-up"; sourceTree = "<group>"; };
		EFB6D366295D01B800F8296E /* pizza_1.jpg */ = {isa = PBXFileReference; lastKnownFileType = image.jpeg; name = pizza_1.jpg; path = assets/src/assets/img/pizza_1.jpg; sourceTree = "<group>"; };
		EFB6D367295D01B800F8296E /* onboarding_4.png */ = {isa = PBXFileReference; lastKnownFileType = image.png; name = onboarding_4.png; path = assets/src/assets/img/onboarding_4.png; sourceTree = "<group>"; };
		EFB6D368295D01B800F8296E /* sandwich_2.jpg */ = {isa = PBXFileReference; lastKnownFileType = image.jpeg; name = sandwich_2.jpg; path = assets/src/assets/img/sandwich_2.jpg; sourceTree = "<group>"; };
		EFB6D369295D01B800F8296E /* pizza_4.png */ = {isa = PBXFileReference; lastKnownFileType = image.png; name = pizza_4.png; path = assets/src/assets/img/pizza_4.png; sourceTree = "<group>"; };
		EFB6D36A295D01B800F8296E /* assets */ = {isa = PBXFileReference; lastKnownFileType = folder; name = assets; path = assets/src/assets; sourceTree = "<group>"; };
		EFB6D36B295D01B800F8296E /* about_3.jpg */ = {isa = PBXFileReference; lastKnownFileType = image.jpeg; name = about_3.jpg; path = assets/src/assets/img/about_3.jpg; sourceTree = "<group>"; };
		EFB6D36C295D01B800F8296E /* pre-sign-up-image-1.png */ = {isa = PBXFileReference; lastKnownFileType = image.png; name = "pre-sign-up-image-1.png"; path = "assets/src/assets/pre-sign-up/pre-sign-up-image-1.png"; sourceTree = "<group>"; };
		EFB6D36D295D01B800F8296E /* pre-sign-up-image-2.png */ = {isa = PBXFileReference; lastKnownFileType = image.png; name = "pre-sign-up-image-2.png"; path = "assets/src/assets/pre-sign-up/pre-sign-up-image-2.png"; sourceTree = "<group>"; };
		EFB6D36E295D01B800F8296E /* pre-sign-up-image-3.png */ = {isa = PBXFileReference; lastKnownFileType = image.png; name = "pre-sign-up-image-3.png"; path = "assets/src/assets/pre-sign-up/pre-sign-up-image-3.png"; sourceTree = "<group>"; };
		EFB6D36F295D01B800F8296E /* profile_1.jpeg */ = {isa = PBXFileReference; lastKnownFileType = image.jpeg; name = profile_1.jpeg; path = assets/src/assets/img/profile_1.jpeg; sourceTree = "<group>"; };
		EFB6D370295D01B800F8296E /* profile_2.jpeg */ = {isa = PBXFileReference; lastKnownFileType = image.jpeg; name = profile_2.jpeg; path = assets/src/assets/img/profile_2.jpeg; sourceTree = "<group>"; };
		EFB6D371295D01B800F8296E /* sandwich_1.png */ = {isa = PBXFileReference; lastKnownFileType = image.png; name = sandwich_1.png; path = assets/src/assets/img/sandwich_1.png; sourceTree = "<group>"; };
		EFB6D372295D01B800F8296E /* logo_text_wide.png */ = {isa = PBXFileReference; lastKnownFileType = image.png; name = logo_text_wide.png; path = assets/src/assets/img/logo_text_wide.png; sourceTree = "<group>"; };
		EFB6D373295D01B900F8296E /* soup_1.jpg */ = {isa = PBXFileReference; lastKnownFileType = image.jpeg; name = soup_1.jpg; path = assets/src/assets/img/soup_1.jpg; sourceTree = "<group>"; };
		EFB6D374295D01B900F8296E /* imgholder.png */ = {isa = PBXFileReference; lastKnownFileType = image.png; name = imgholder.png; path = assets/src/assets/img/imgholder.png; sourceTree = "<group>"; };
		EFB6D375295D01B900F8296E /* onboarding_1.png */ = {isa = PBXFileReference; lastKnownFileType = image.png; name = onboarding_1.png; path = assets/src/assets/img/onboarding_1.png; sourceTree = "<group>"; };
		EFB6D376295D01B900F8296E /* about_2.jpg */ = {isa = PBXFileReference; lastKnownFileType = image.jpeg; name = about_2.jpg; path = assets/src/assets/img/about_2.jpg; sourceTree = "<group>"; };
		EFB6D377295D01B900F8296E /* cake_1.jpg */ = {isa = PBXFileReference; lastKnownFileType = image.jpeg; name = cake_1.jpg; path = assets/src/assets/img/cake_1.jpg; sourceTree = "<group>"; };
		EFB6D378295D01B900F8296E /* barbecue_1.jpg */ = {isa = PBXFileReference; lastKnownFileType = image.jpeg; name = barbecue_1.jpg; path = assets/src/assets/img/barbecue_1.jpg; sourceTree = "<group>"; };
		EFB6D379295D01B900F8296E /* rent-a-chef-icon-512x512.png */ = {isa = PBXFileReference; lastKnownFileType = image.png; name = "rent-a-chef-icon-512x512.png"; path = "assets/src/assets/rent-a-chef-icon-512x512.png"; sourceTree = "<group>"; };
		EFE4D30526CB2D6C008924CA /* Karla-Italic.ttf */ = {isa = PBXFileReference; lastKnownFileType = text; name = "Karla-Italic.ttf"; path = "../src/theme/fonts/Karla-Italic.ttf"; sourceTree = "<group>"; };
		EFE4D30626CB2D6C008924CA /* Karla-LightItalic.ttf */ = {isa = PBXFileReference; lastKnownFileType = text; name = "Karla-LightItalic.ttf"; path = "../src/theme/fonts/Karla-LightItalic.ttf"; sourceTree = "<group>"; };
		EFE4D30726CB2D6C008924CA /* Karla-SemiBold.ttf */ = {isa = PBXFileReference; lastKnownFileType = text; name = "Karla-SemiBold.ttf"; path = "../src/theme/fonts/Karla-SemiBold.ttf"; sourceTree = "<group>"; };
		EFE4D30826CB2D6C008924CA /* Karla-ExtraLight.ttf */ = {isa = PBXFileReference; lastKnownFileType = text; name = "Karla-ExtraLight.ttf"; path = "../src/theme/fonts/Karla-ExtraLight.ttf"; sourceTree = "<group>"; };
		EFE4D30926CB2D6C008924CA /* Karla-MediumItalic.ttf */ = {isa = PBXFileReference; lastKnownFileType = text; name = "Karla-MediumItalic.ttf"; path = "../src/theme/fonts/Karla-MediumItalic.ttf"; sourceTree = "<group>"; };
		EFE4D30A26CB2D6C008924CA /* Karla-SemiBoldItalic.ttf */ = {isa = PBXFileReference; lastKnownFileType = text; name = "Karla-SemiBoldItalic.ttf"; path = "../src/theme/fonts/Karla-SemiBoldItalic.ttf"; sourceTree = "<group>"; };
		EFE4D30B26CB2D6C008924CA /* Karla-ExtraBoldItalic.ttf */ = {isa = PBXFileReference; lastKnownFileType = text; name = "Karla-ExtraBoldItalic.ttf"; path = "../src/theme/fonts/Karla-ExtraBoldItalic.ttf"; sourceTree = "<group>"; };
		EFE4D30C26CB2D6C008924CA /* Karla-ExtraLightItalic.ttf */ = {isa = PBXFileReference; lastKnownFileType = text; name = "Karla-ExtraLightItalic.ttf"; path = "../src/theme/fonts/Karla-ExtraLightItalic.ttf"; sourceTree = "<group>"; };
		EFE4D30D26CB2D6C008924CA /* Karla-Medium.ttf */ = {isa = PBXFileReference; lastKnownFileType = text; name = "Karla-Medium.ttf"; path = "../src/theme/fonts/Karla-Medium.ttf"; sourceTree = "<group>"; };
		EFE4D30E26CB2D6C008924CA /* Karla-Regular.ttf */ = {isa = PBXFileReference; lastKnownFileType = text; name = "Karla-Regular.ttf"; path = "../src/theme/fonts/Karla-Regular.ttf"; sourceTree = "<group>"; };
		EFE4D30F26CB2D6C008924CA /* Karla-ExtraBold.ttf */ = {isa = PBXFileReference; lastKnownFileType = text; name = "Karla-ExtraBold.ttf"; path = "../src/theme/fonts/Karla-ExtraBold.ttf"; sourceTree = "<group>"; };
		EFE4D31026CB2D6C008924CA /* Karla-Light.ttf */ = {isa = PBXFileReference; lastKnownFileType = text; name = "Karla-Light.ttf"; path = "../src/theme/fonts/Karla-Light.ttf"; sourceTree = "<group>"; };
		EFF3C9B226CC1EF60042FCD1 /* Karla-Bold.ttf */ = {isa = PBXFileReference; lastKnownFileType = file; name = "Karla-Bold.ttf"; path = "../src/theme/fonts/Karla-Bold.ttf"; sourceTree = "<group>"; };
		F2F791FC8ADE4D55A5EEB6AE /* Ionicons.ttf */ = {isa = PBXFileReference; explicitFileType = undefined; fileEncoding = 9; includeInIndex = 0; lastKnownFileType = unknown; name = Ionicons.ttf; path = "../node_modules/react-native-vector-icons/Fonts/Ionicons.ttf"; sourceTree = "<group>"; };
/* End PBXFileReference section */

/* Begin PBXFrameworksBuildPhase section */
		13B07F8C1A680F5B00A75B9A /* Frameworks */ = {
			isa = PBXFrameworksBuildPhase;
			buildActionMask = 2147483647;
			files = (
				1B2C3E54879784546EC61B77 /* libPods-rentachef.a in Frameworks */,
			);
			runOnlyForDeploymentPostprocessing = 0;
		};
/* End PBXFrameworksBuildPhase section */

/* Begin PBXGroup section */
		00E356EF1AD99517003FC87E /* rentachefTests */ = {
			isa = PBXGroup;
			children = (
				00E356F21AD99517003FC87E /* rentachefTests.m */,
				00E356F01AD99517003FC87E /* Supporting Files */,
			);
			path = rentachefTests;
			sourceTree = "<group>";
		};
		00E356F01AD99517003FC87E /* Supporting Files */ = {
			isa = PBXGroup;
			children = (
				00E356F11AD99517003FC87E /* Info.plist */,
			);
			name = "Supporting Files";
			sourceTree = "<group>";
		};
		079404505AC545DDB8A1B660 /* Resources */ = {
			isa = PBXGroup;
			children = (
				0BFDD362A0B54AA2B2401C5D /* AntDesign.ttf */,
				3ED0D9C627F64F42810046F8 /* Entypo.ttf */,
				5052F4EA194645CFB167CDD4 /* EvilIcons.ttf */,
				0029968125C941BA990796B2 /* Feather.ttf */,
				A7957B51D22E467D8AB3ACF8 /* FontAwesome.ttf */,
				713DC339D86B47CE840A54C7 /* FontAwesome5_Brands.ttf */,
				89C642C454464CB6904BE298 /* FontAwesome5_Regular.ttf */,
				809455A672AC4567850ABB19 /* FontAwesome5_Solid.ttf */,
				770DFC09A9F94B448F071B89 /* Fontisto.ttf */,
				4C0601934CCB4091A22B55D8 /* Foundation.ttf */,
				F2F791FC8ADE4D55A5EEB6AE /* Ionicons.ttf */,
				CFA1E989270444C18AE40844 /* MaterialCommunityIcons.ttf */,
				BE263BAB9FD64A219C54AD75 /* MaterialIcons.ttf */,
				1B5D4A2A63A341A0973BEF3B /* Octicons.ttf */,
				B3F13D0CDBF4443BA6DB83AD /* SimpleLineIcons.ttf */,
				228DE1BEFDF24893AD047F92 /* Zocial.ttf */,
			);
			name = Resources;
			sourceTree = "<group>";
		};
		13B07FAE1A68108700A75B9A /* rentachef */ = {
			isa = PBXGroup;
			children = (
				EF8349A6270E56C500A646C7 /* rentachef.entitlements */,
				008F07F21AC5B25A0029DE68 /* main.jsbundle */,
				13B07FAF1A68108700A75B9A /* AppDelegate.h */,
				13B07FB01A68108700A75B9A /* AppDelegate.m */,
				13B07FB51A68108700A75B9A /* Images.xcassets */,
				13B07FB61A68108700A75B9A /* Info.plist */,
				13B07FB11A68108700A75B9A /* LaunchScreen.xib */,
				13B07FB71A68108700A75B9A /* main.m */,
			);
			name = rentachef;
			sourceTree = "<group>";
		};
		2D16E6871FA4F8E400B85C8A /* Frameworks */ = {
			isa = PBXGroup;
			children = (
				ED297162215061F000B7C4FE /* JavaScriptCore.framework */,
				ED2971642150620600B7C4FE /* JavaScriptCore.framework */,
				930A1036039D2A78FFED6B28 /* libPods-rentachef.a */,
				BC7A5F2B3DBD9A766703D6C6 /* libPods-rentachef-rentachefTests.a */,
				CFCE477C59C3C02063854D04 /* libPods-rentachef-tvOS.a */,
				D2CC21E62A8878EC573608DB /* libPods-rentachef-tvOSTests.a */,
			);
			name = Frameworks;
			sourceTree = "<group>";
		};
		832341AE1AAA6A7D00B99B32 /* Libraries */ = {
			isa = PBXGroup;
			children = (
			);
			name = Libraries;
			sourceTree = "<group>";
		};
		83CBB9F61A601CBA00E9B192 = {
			isa = PBXGroup;
			children = (
				EFB6D35D295D01B700F8296E /* spaghetti_2.jpg */,
				EFB6D350295D005C00F8296E /* src */,
				EFB6D352295D017D00F8296E /* src */,
				EFB6D376295D01B900F8296E /* about_2.jpg */,
				EFB6D36B295D01B800F8296E /* about_3.jpg */,
				EFB6D34E295D002200F8296E /* assets */,
				EFB6D358295D01B700F8296E /* about_1.jpg */,
				EFB6D36A295D01B800F8296E /* assets */,
				EFB6D378295D01B900F8296E /* barbecue_1.jpg */,
				EFB6D377295D01B900F8296E /* cake_1.jpg */,
				EFB6D35C295D01B700F8296E /* cake_2.jpg */,
				EFB6D361295D01B700F8296E /* cake_3.png */,
				EFB6D360295D01B700F8296E /* check-graphic.png */,
				EFB6D35E295D01B700F8296E /* chef-profile-sign-up */,
				EFB6D363295D01B800F8296E /* img */,
				EFB6D374295D01B900F8296E /* imgholder.png */,
				EFB6D372295D01B800F8296E /* logo_text_wide.png */,
				EFB6D35A295D01B700F8296E /* logo.png */,
				EFB6D362295D01B700F8296E /* meat_1.jpg */,
				EFB6D375295D01B900F8296E /* onboarding_1.png */,
				EFB6D355295D01B600F8296E /* onboarding_2.png */,
				EFB6D364295D01B800F8296E /* onboarding_3.png */,
				EFB6D367295D01B800F8296E /* onboarding_4.png */,
				EFB6D366295D01B800F8296E /* pizza_1.jpg */,
				EFB6D356295D01B700F8296E /* pizza_2.jpg */,
				EFB6D35F295D01B700F8296E /* pizza_3.jpg */,
				EFB6D369295D01B800F8296E /* pizza_4.png */,
				EFB6D365295D01B800F8296E /* pre-sign-up */,
				EFB6D36C295D01B800F8296E /* pre-sign-up-image-1.png */,
				EFB6D36D295D01B800F8296E /* pre-sign-up-image-2.png */,
				EFB6D36E295D01B800F8296E /* pre-sign-up-image-3.png */,
				EFB6D36F295D01B800F8296E /* profile_1.jpeg */,
				EFB6D370295D01B800F8296E /* profile_2.jpeg */,
				EFB6D359295D01B700F8296E /* profile-setup-background-png.png */,
				EFB6D379295D01B900F8296E /* rent-a-chef-icon-512x512.png */,
				EFB6D35B295D01B700F8296E /* salad_1.jpg */,
				EFB6D371295D01B800F8296E /* sandwich_1.png */,
				EFB6D368295D01B800F8296E /* sandwich_2.jpg */,
				EFB6D373295D01B900F8296E /* soup_1.jpg */,
				EFB6D354295D01B600F8296E /* soup_2.png */,
				EFB6D357295D01B700F8296E /* src */,
				EF43A9FA26D70BB60070E130 /* LaunchScreen.storyboard */,
				EFF3C9B226CC1EF60042FCD1 /* Karla-Bold.ttf */,
				EFE4D30F26CB2D6C008924CA /* Karla-ExtraBold.ttf */,
				EFE4D30B26CB2D6C008924CA /* Karla-ExtraBoldItalic.ttf */,
				EFE4D30826CB2D6C008924CA /* Karla-ExtraLight.ttf */,
				EFE4D30C26CB2D6C008924CA /* Karla-ExtraLightItalic.ttf */,
				EFE4D30526CB2D6C008924CA /* Karla-Italic.ttf */,
				EFE4D31026CB2D6C008924CA /* Karla-Light.ttf */,
				EFE4D30626CB2D6C008924CA /* Karla-LightItalic.ttf */,
				EFE4D30D26CB2D6C008924CA /* Karla-Medium.ttf */,
				EFE4D30926CB2D6C008924CA /* Karla-MediumItalic.ttf */,
				EFE4D30E26CB2D6C008924CA /* Karla-Regular.ttf */,
				EFE4D30726CB2D6C008924CA /* Karla-SemiBold.ttf */,
				EFE4D30A26CB2D6C008924CA /* Karla-SemiBoldItalic.ttf */,
				13B07FAE1A68108700A75B9A /* rentachef */,
				832341AE1AAA6A7D00B99B32 /* Libraries */,
				00E356EF1AD99517003FC87E /* rentachefTests */,
				83CBBA001A601CBA00E9B192 /* Products */,
				2D16E6871FA4F8E400B85C8A /* Frameworks */,
				8D2B6FA88F0B739A31E8CC4D /* Pods */,
				079404505AC545DDB8A1B660 /* Resources */,
			);
			indentWidth = 2;
			sourceTree = "<group>";
			tabWidth = 2;
			usesTabs = 0;
		};
		83CBBA001A601CBA00E9B192 /* Products */ = {
			isa = PBXGroup;
			children = (
				13B07F961A680F5B00A75B9A /* rentachef.app */,
			);
			name = Products;
			sourceTree = "<group>";
		};
		8D2B6FA88F0B739A31E8CC4D /* Pods */ = {
			isa = PBXGroup;
			children = (
				C0D0AB4CE6E1E3F9FAB615C5 /* Pods-rentachef.debug.xcconfig */,
				65D264B9DE8FFEC4213C61DD /* Pods-rentachef.release.xcconfig */,
				04BD3332AE92DC8F26D63F59 /* Pods-rentachef-rentachefTests.debug.xcconfig */,
				C38BA5F7F31AA780D2778A8F /* Pods-rentachef-rentachefTests.release.xcconfig */,
				666FA9F8AE296B66CEF31D56 /* Pods-rentachef-tvOS.debug.xcconfig */,
				EC48957140D9293A51400CDF /* Pods-rentachef-tvOS.release.xcconfig */,
				708039BCD853C7124EFD3996 /* Pods-rentachef-tvOSTests.debug.xcconfig */,
				0D9F5E355309329A68BAEE60 /* Pods-rentachef-tvOSTests.release.xcconfig */,
			);
			path = Pods;
			sourceTree = "<group>";
		};
/* End PBXGroup section */

/* Begin PBXNativeTarget section */
		13B07F861A680F5B00A75B9A /* rentachef */ = {
			isa = PBXNativeTarget;
			buildConfigurationList = 13B07F931A680F5B00A75B9A /* Build configuration list for PBXNativeTarget "rentachef" */;
			buildPhases = (
				9B66F4C626BA3260936F320A /* [CP] Check Pods Manifest.lock */,
				FD10A7F022414F080027D42C /* Start Packager */,
				13B07F871A680F5B00A75B9A /* Sources */,
				13B07F8C1A680F5B00A75B9A /* Frameworks */,
				13B07F8E1A680F5B00A75B9A /* Resources */,
				00DD1BFF1BD5951E006B06BC /* Bundle React Native code and images */,
				952FE5D374B68EF5FAE1F98B /* [CP] Copy Pods Resources */,
				DC1222DCA7D385AD99DA89E4 /* [CP] Embed Pods Frameworks */,
			);
			buildRules = (
			);
			dependencies = (
			);
			name = rentachef;
			productName = rentachef;
			productReference = 13B07F961A680F5B00A75B9A /* rentachef.app */;
			productType = "com.apple.product-type.application";
		};
/* End PBXNativeTarget section */

/* Begin PBXProject section */
		83CBB9F71A601CBA00E9B192 /* Project object */ = {
			isa = PBXProject;
			attributes = {
				LastUpgradeCheck = 1130;
				TargetAttributes = {
					13B07F861A680F5B00A75B9A = {
						DevelopmentTeam = ZTMJ79HQ46;
						LastSwiftMigration = 1120;
						ProvisioningStyle = Automatic;
					};
				};
			};
			buildConfigurationList = 83CBB9FA1A601CBA00E9B192 /* Build configuration list for PBXProject "rentachef" */;
			compatibilityVersion = "Xcode 3.2";
			developmentRegion = en;
			hasScannedForEncodings = 0;
			knownRegions = (
				en,
				Base,
			);
			mainGroup = 83CBB9F61A601CBA00E9B192;
			productRefGroup = 83CBBA001A601CBA00E9B192 /* Products */;
			projectDirPath = "";
			projectRoot = "";
			targets = (
				13B07F861A680F5B00A75B9A /* rentachef */,
			);
		};
/* End PBXProject section */

/* Begin PBXResourcesBuildPhase section */
		13B07F8E1A680F5B00A75B9A /* Resources */ = {
			isa = PBXResourcesBuildPhase;
			buildActionMask = 2147483647;
			files = (
				EFB6D37D295D01B900F8296E /* src in Resources */,
				EFB6D384295D01B900F8296E /* chef-profile-sign-up in Resources */,
				EFB6D389295D01B900F8296E /* img in Resources */,
				EFB6D38B295D01B900F8296E /* pre-sign-up in Resources */,
				EFB6D390295D01B900F8296E /* assets in Resources */,
				EFB6D34D295CE35A00F8296E /* main.jsbundle in Resources */,
				EFE1C415295CC60B000D5122 /* Karla-Bold.ttf in Resources */,
				EFE1C416295CC60B000D5122 /* Karla-ExtraBold.ttf in Resources */,
				EFE1C417295CC60B000D5122 /* Karla-ExtraBoldItalic.ttf in Resources */,
				EFE1C418295CC60B000D5122 /* Karla-ExtraLight.ttf in Resources */,
				EFE1C419295CC60B000D5122 /* Karla-ExtraLightItalic.ttf in Resources */,
				EFE1C41A295CC60B000D5122 /* Karla-Italic.ttf in Resources */,
				EFE1C41B295CC60B000D5122 /* Karla-Light.ttf in Resources */,
				EFE1C41C295CC60B000D5122 /* Karla-LightItalic.ttf in Resources */,
				EFE1C41D295CC60B000D5122 /* Karla-Medium.ttf in Resources */,
				EFE1C41E295CC60B000D5122 /* Karla-MediumItalic.ttf in Resources */,
				EFE1C41F295CC60B000D5122 /* Karla-Regular.ttf in Resources */,
				EFE1C420295CC60B000D5122 /* Karla-SemiBold.ttf in Resources */,
				EFE1C421295CC60B000D5122 /* Karla-SemiBoldItalic.ttf in Resources */,
				EF43A9FB26D70BB60070E130 /* LaunchScreen.storyboard in Resources */,
				13B07FBF1A68108700A75B9A /* Images.xcassets in Resources */,
				13B07FBD1A68108700A75B9A /* LaunchScreen.xib in Resources */,
			);
			runOnlyForDeploymentPostprocessing = 0;
		};
/* End PBXResourcesBuildPhase section */

/* Begin PBXShellScriptBuildPhase section */
		00DD1BFF1BD5951E006B06BC /* Bundle React Native code and images */ = {
			isa = PBXShellScriptBuildPhase;
			buildActionMask = 2147483647;
			files = (
			);
			inputPaths = (
			);
			name = "Bundle React Native code and images";
			outputPaths = (
			);
			runOnlyForDeploymentPostprocessing = 0;
			shellPath = /bin/sh;
			shellScript = "cd $PROJECT_DIR/..\necho \"echoing node which \" \nwhich node\necho \"echoing PROJECT DIR \"\necho $PROJECT_DIR\nexport NODE_BINARY=node\n./node_modules/react-native/scripts/react-native-xcode.sh index.js\n";
		};
		952FE5D374B68EF5FAE1F98B /* [CP] Copy Pods Resources */ = {
			isa = PBXShellScriptBuildPhase;
			buildActionMask = 2147483647;
			files = (
			);
			inputPaths = (
				"${PODS_ROOT}/Target Support Files/Pods-rentachef/Pods-rentachef-resources.sh",
				"${PODS_ROOT}/GoogleMaps/Maps/Frameworks/GoogleMaps.framework/Resources/GoogleMaps.bundle",
				"${PODS_ROOT}/../../node_modules/react-native-vector-icons/Fonts/AntDesign.ttf",
				"${PODS_ROOT}/../../node_modules/react-native-vector-icons/Fonts/Entypo.ttf",
				"${PODS_ROOT}/../../node_modules/react-native-vector-icons/Fonts/EvilIcons.ttf",
				"${PODS_ROOT}/../../node_modules/react-native-vector-icons/Fonts/Feather.ttf",
				"${PODS_ROOT}/../../node_modules/react-native-vector-icons/Fonts/FontAwesome.ttf",
				"${PODS_ROOT}/../../node_modules/react-native-vector-icons/Fonts/FontAwesome5_Brands.ttf",
				"${PODS_ROOT}/../../node_modules/react-native-vector-icons/Fonts/FontAwesome5_Regular.ttf",
				"${PODS_ROOT}/../../node_modules/react-native-vector-icons/Fonts/FontAwesome5_Solid.ttf",
				"${PODS_ROOT}/../../node_modules/react-native-vector-icons/Fonts/Fontisto.ttf",
				"${PODS_ROOT}/../../node_modules/react-native-vector-icons/Fonts/Foundation.ttf",
				"${PODS_ROOT}/../../node_modules/react-native-vector-icons/Fonts/Ionicons.ttf",
				"${PODS_ROOT}/../../node_modules/react-native-vector-icons/Fonts/MaterialCommunityIcons.ttf",
				"${PODS_ROOT}/../../node_modules/react-native-vector-icons/Fonts/MaterialIcons.ttf",
				"${PODS_ROOT}/../../node_modules/react-native-vector-icons/Fonts/Octicons.ttf",
				"${PODS_ROOT}/../../node_modules/react-native-vector-icons/Fonts/SimpleLineIcons.ttf",
				"${PODS_ROOT}/../../node_modules/react-native-vector-icons/Fonts/Zocial.ttf",
				"${PODS_CONFIGURATION_BUILD_DIR}/React-Core/AccessibilityResources.bundle",
				"${PODS_CONFIGURATION_BUILD_DIR}/Stripe/Stripe.bundle",
				"${PODS_CONFIGURATION_BUILD_DIR}/StripeCore/StripeCore.bundle",
				"${PODS_CONFIGURATION_BUILD_DIR}/StripeFinancialConnections/StripeFinancialConnections.bundle",
				"${PODS_CONFIGURATION_BUILD_DIR}/StripePaymentSheet/StripePaymentSheet.bundle",
				"${PODS_CONFIGURATION_BUILD_DIR}/StripePayments/StripePayments.bundle",
				"${PODS_CONFIGURATION_BUILD_DIR}/StripePayments/Stripe3DS2.bundle",
				"${PODS_CONFIGURATION_BUILD_DIR}/StripePaymentsUI/StripePaymentsUI.bundle",
				"${PODS_CONFIGURATION_BUILD_DIR}/StripeUICore/StripeUICore.bundle",
			);
			name = "[CP] Copy Pods Resources";
			outputPaths = (
				"${TARGET_BUILD_DIR}/${UNLOCALIZED_RESOURCES_FOLDER_PATH}/GoogleMaps.bundle",
				"${TARGET_BUILD_DIR}/${UNLOCALIZED_RESOURCES_FOLDER_PATH}/AntDesign.ttf",
				"${TARGET_BUILD_DIR}/${UNLOCALIZED_RESOURCES_FOLDER_PATH}/Entypo.ttf",
				"${TARGET_BUILD_DIR}/${UNLOCALIZED_RESOURCES_FOLDER_PATH}/EvilIcons.ttf",
				"${TARGET_BUILD_DIR}/${UNLOCALIZED_RESOURCES_FOLDER_PATH}/Feather.ttf",
				"${TARGET_BUILD_DIR}/${UNLOCALIZED_RESOURCES_FOLDER_PATH}/FontAwesome.ttf",
				"${TARGET_BUILD_DIR}/${UNLOCALIZED_RESOURCES_FOLDER_PATH}/FontAwesome5_Brands.ttf",
				"${TARGET_BUILD_DIR}/${UNLOCALIZED_RESOURCES_FOLDER_PATH}/FontAwesome5_Regular.ttf",
				"${TARGET_BUILD_DIR}/${UNLOCALIZED_RESOURCES_FOLDER_PATH}/FontAwesome5_Solid.ttf",
				"${TARGET_BUILD_DIR}/${UNLOCALIZED_RESOURCES_FOLDER_PATH}/Fontisto.ttf",
				"${TARGET_BUILD_DIR}/${UNLOCALIZED_RESOURCES_FOLDER_PATH}/Foundation.ttf",
				"${TARGET_BUILD_DIR}/${UNLOCALIZED_RESOURCES_FOLDER_PATH}/Ionicons.ttf",
				"${TARGET_BUILD_DIR}/${UNLOCALIZED_RESOURCES_FOLDER_PATH}/MaterialCommunityIcons.ttf",
				"${TARGET_BUILD_DIR}/${UNLOCALIZED_RESOURCES_FOLDER_PATH}/MaterialIcons.ttf",
				"${TARGET_BUILD_DIR}/${UNLOCALIZED_RESOURCES_FOLDER_PATH}/Octicons.ttf",
				"${TARGET_BUILD_DIR}/${UNLOCALIZED_RESOURCES_FOLDER_PATH}/SimpleLineIcons.ttf",
				"${TARGET_BUILD_DIR}/${UNLOCALIZED_RESOURCES_FOLDER_PATH}/Zocial.ttf",
				"${TARGET_BUILD_DIR}/${UNLOCALIZED_RESOURCES_FOLDER_PATH}/AccessibilityResources.bundle",
				"${TARGET_BUILD_DIR}/${UNLOCALIZED_RESOURCES_FOLDER_PATH}/Stripe.bundle",
				"${TARGET_BUILD_DIR}/${UNLOCALIZED_RESOURCES_FOLDER_PATH}/StripeCore.bundle",
				"${TARGET_BUILD_DIR}/${UNLOCALIZED_RESOURCES_FOLDER_PATH}/StripeFinancialConnections.bundle",
				"${TARGET_BUILD_DIR}/${UNLOCALIZED_RESOURCES_FOLDER_PATH}/StripePaymentSheet.bundle",
				"${TARGET_BUILD_DIR}/${UNLOCALIZED_RESOURCES_FOLDER_PATH}/StripePayments.bundle",
				"${TARGET_BUILD_DIR}/${UNLOCALIZED_RESOURCES_FOLDER_PATH}/Stripe3DS2.bundle",
				"${TARGET_BUILD_DIR}/${UNLOCALIZED_RESOURCES_FOLDER_PATH}/StripePaymentsUI.bundle",
				"${TARGET_BUILD_DIR}/${UNLOCALIZED_RESOURCES_FOLDER_PATH}/StripeUICore.bundle",
			);
			runOnlyForDeploymentPostprocessing = 0;
			shellPath = /bin/sh;
			shellScript = "\"${PODS_ROOT}/Target Support Files/Pods-rentachef/Pods-rentachef-resources.sh\"\n";
			showEnvVarsInLog = 0;
		};
		9B66F4C626BA3260936F320A /* [CP] Check Pods Manifest.lock */ = {
			isa = PBXShellScriptBuildPhase;
			buildActionMask = 2147483647;
			files = (
			);
			inputFileListPaths = (
			);
			inputPaths = (
				"${PODS_PODFILE_DIR_PATH}/Podfile.lock",
				"${PODS_ROOT}/Manifest.lock",
			);
			name = "[CP] Check Pods Manifest.lock";
			outputFileListPaths = (
			);
			outputPaths = (
				"$(DERIVED_FILE_DIR)/Pods-rentachef-checkManifestLockResult.txt",
			);
			runOnlyForDeploymentPostprocessing = 0;
			shellPath = /bin/sh;
			shellScript = "diff \"${PODS_PODFILE_DIR_PATH}/Podfile.lock\" \"${PODS_ROOT}/Manifest.lock\" > /dev/null\nif [ $? != 0 ] ; then\n    # print error to STDERR\n    echo \"error: The sandbox is not in sync with the Podfile.lock. Run 'pod install' or update your CocoaPods installation.\" >&2\n    exit 1\nfi\n# This output is used by Xcode 'outputs' to avoid re-running this script phase.\necho \"SUCCESS\" > \"${SCRIPT_OUTPUT_FILE_0}\"\n";
			showEnvVarsInLog = 0;
		};
		DC1222DCA7D385AD99DA89E4 /* [CP] Embed Pods Frameworks */ = {
			isa = PBXShellScriptBuildPhase;
			buildActionMask = 2147483647;
			files = (
			);
			inputPaths = (
				"${PODS_ROOT}/Target Support Files/Pods-rentachef/Pods-rentachef-frameworks.sh",
				"${PODS_XCFRAMEWORKS_BUILD_DIR}/Flipper-DoubleConversion/double-conversion.framework/double-conversion",
				"${PODS_XCFRAMEWORKS_BUILD_DIR}/OpenSSL-Universal/OpenSSL.framework/OpenSSL",
				"${PODS_XCFRAMEWORKS_BUILD_DIR}/hermes-engine/hermes.framework/hermes",
			);
			name = "[CP] Embed Pods Frameworks";
			outputPaths = (
				"${TARGET_BUILD_DIR}/${FRAMEWORKS_FOLDER_PATH}/double-conversion.framework",
				"${TARGET_BUILD_DIR}/${FRAMEWORKS_FOLDER_PATH}/OpenSSL.framework",
				"${TARGET_BUILD_DIR}/${FRAMEWORKS_FOLDER_PATH}/hermes.framework",
			);
			runOnlyForDeploymentPostprocessing = 0;
			shellPath = /bin/sh;
			shellScript = "\"${PODS_ROOT}/Target Support Files/Pods-rentachef/Pods-rentachef-frameworks.sh\"\n";
			showEnvVarsInLog = 0;
		};
		FD10A7F022414F080027D42C /* Start Packager */ = {
			isa = PBXShellScriptBuildPhase;
			buildActionMask = 2147483647;
			files = (
			);
			inputFileListPaths = (
			);
			inputPaths = (
			);
			name = "Start Packager";
			outputFileListPaths = (
			);
			outputPaths = (
			);
			runOnlyForDeploymentPostprocessing = 0;
			shellPath = /bin/sh;
			shellScript = "export RCT_METRO_PORT=\"${RCT_METRO_PORT:=8081}\"\necho \"export RCT_METRO_PORT=${RCT_METRO_PORT}\" > \"${SRCROOT}/../node_modules/react-native/scripts/.packager.env\"\nif [ -z \"${RCT_NO_LAUNCH_PACKAGER+xxx}\" ] ; then\n  if nc -w 5 -z localhost ${RCT_METRO_PORT} ; then\n    if ! curl -s \"http://localhost:${RCT_METRO_PORT}/status\" | grep -q \"packager-status:running\" ; then\n      echo \"Port ${RCT_METRO_PORT} already in use, packager is either not running or not running correctly\"\n      exit 2\n    fi\n  else\n    open \"$SRCROOT/../node_modules/react-native/scripts/launchPackager.command\" || echo \"Can't start packager automatically\"\n  fi\nfi\n";
			showEnvVarsInLog = 0;
		};
/* End PBXShellScriptBuildPhase section */

/* Begin PBXSourcesBuildPhase section */
		13B07F871A680F5B00A75B9A /* Sources */ = {
			isa = PBXSourcesBuildPhase;
			buildActionMask = 2147483647;
			files = (
				13B07FBC1A68108700A75B9A /* AppDelegate.m in Sources */,
				13B07FC11A68108700A75B9A /* main.m in Sources */,
			);
			runOnlyForDeploymentPostprocessing = 0;
		};
/* End PBXSourcesBuildPhase section */

/* Begin PBXVariantGroup section */
		13B07FB11A68108700A75B9A /* LaunchScreen.xib */ = {
			isa = PBXVariantGroup;
			children = (
				13B07FB21A68108700A75B9A /* Base */,
			);
			name = LaunchScreen.xib;
			path = rentachef;
			sourceTree = "<group>";
		};
/* End PBXVariantGroup section */

/* Begin XCBuildConfiguration section */
		13B07F941A680F5B00A75B9A /* Debug */ = {
			isa = XCBuildConfiguration;
			baseConfigurationReference = C0D0AB4CE6E1E3F9FAB615C5 /* Pods-rentachef.debug.xcconfig */;
			buildSettings = {
				ASSETCATALOG_COMPILER_APPICON_NAME = AppIcon;
				CLANG_ENABLE_MODULES = YES;
				CODE_SIGN_ENTITLEMENTS = rentachef/rentachef.entitlements;
				CODE_SIGN_IDENTITY = "Apple Development";
				CODE_SIGN_STYLE = Automatic;
				CURRENT_PROJECT_VERSION = 13;
				DEVELOPMENT_TEAM = ZTMJ79HQ46;
				ENABLE_BITCODE = NO;
				EXCLUDED_ARCHS = "";
				GCC_PREPROCESSOR_DEFINITIONS = (
					"$(inherited)",
					"FB_SONARKIT_ENABLED=1",
					"HAVE_GOOGLE_MAPS=1",
				);
				INFOPLIST_FILE = rentachef/Info.plist;
				IPHONEOS_DEPLOYMENT_TARGET = 13.0;
				LD_RUNPATH_SEARCH_PATHS = "$(inherited) @executable_path/Frameworks";
				OTHER_LDFLAGS = (
					"$(inherited)",
					"-ObjC",
					"-lc++",
				);
				PRODUCT_BUNDLE_IDENTIFIER = com.rentachef.qa;
				PRODUCT_NAME = rentachef;
				PROVISIONING_PROFILE_SPECIFIER = "";
				SWIFT_OPTIMIZATION_LEVEL = "-Onone";
				SWIFT_VERSION = 5.0;
				VERSIONING_SYSTEM = "apple-generic";
			};
			name = Debug;
		};
		13B07F951A680F5B00A75B9A /* Release */ = {
			isa = XCBuildConfiguration;
			baseConfigurationReference = 65D264B9DE8FFEC4213C61DD /* Pods-rentachef.release.xcconfig */;
			buildSettings = {
				ASSETCATALOG_COMPILER_APPICON_NAME = AppIcon;
				CLANG_ENABLE_MODULES = YES;
				CODE_SIGN_ENTITLEMENTS = rentachef/rentachef.entitlements;
				CODE_SIGN_IDENTITY = "Apple Development";
				CODE_SIGN_STYLE = Automatic;
				CURRENT_PROJECT_VERSION = 13;
				DEVELOPMENT_TEAM = ZTMJ79HQ46;
				EXCLUDED_ARCHS = "";
				"EXCLUDED_ARCHS[sdk=iphonesimulator*]" = "";
				GCC_PREPROCESSOR_DEFINITIONS = (
					"$(inherited)",
					"COCOAPODS=1",
					"HAVE_GOOGLE_MAPS=1",
				);
				INFOPLIST_FILE = rentachef/Info.plist;
				IPHONEOS_DEPLOYMENT_TARGET = 13.0;
				LD_RUNPATH_SEARCH_PATHS = "$(inherited) @executable_path/Frameworks";
				OTHER_LDFLAGS = (
					"$(inherited)",
					"-ObjC",
					"-lc++",
				);
				PRODUCT_BUNDLE_IDENTIFIER = com.rentachef.qa;
				PRODUCT_NAME = rentachef;
				PROVISIONING_PROFILE_SPECIFIER = "";
				SWIFT_VERSION = 5.0;
				VERSIONING_SYSTEM = "apple-generic";
			};
			name = Release;
		};
		83CBBA201A601CBA00E9B192 /* Debug */ = {
			isa = XCBuildConfiguration;
			buildSettings = {
				ALWAYS_SEARCH_USER_PATHS = NO;
				CLANG_ANALYZER_LOCALIZABILITY_NONLOCALIZED = YES;
				CLANG_CXX_LANGUAGE_STANDARD = "gnu++0x";
				CLANG_CXX_LIBRARY = "libc++";
				CLANG_ENABLE_MODULES = YES;
				CLANG_ENABLE_OBJC_ARC = YES;
				CLANG_WARN_BLOCK_CAPTURE_AUTORELEASING = YES;
				CLANG_WARN_BOOL_CONVERSION = YES;
				CLANG_WARN_COMMA = YES;
				CLANG_WARN_CONSTANT_CONVERSION = YES;
				CLANG_WARN_DEPRECATED_OBJC_IMPLEMENTATIONS = YES;
				CLANG_WARN_DIRECT_OBJC_ISA_USAGE = YES_ERROR;
				CLANG_WARN_EMPTY_BODY = YES;
				CLANG_WARN_ENUM_CONVERSION = YES;
				CLANG_WARN_INFINITE_RECURSION = YES;
				CLANG_WARN_INT_CONVERSION = YES;
				CLANG_WARN_NON_LITERAL_NULL_CONVERSION = YES;
				CLANG_WARN_OBJC_IMPLICIT_RETAIN_SELF = YES;
				CLANG_WARN_OBJC_LITERAL_CONVERSION = YES;
				CLANG_WARN_OBJC_ROOT_CLASS = YES_ERROR;
				CLANG_WARN_RANGE_LOOP_ANALYSIS = YES;
				CLANG_WARN_STRICT_PROTOTYPES = YES;
				CLANG_WARN_SUSPICIOUS_MOVE = YES;
				CLANG_WARN_UNREACHABLE_CODE = YES;
				CLANG_WARN__DUPLICATE_METHOD_MATCH = YES;
				"CODE_SIGN_IDENTITY[sdk=iphoneos*]" = "iPhone Developer";
				COPY_PHASE_STRIP = NO;
				ENABLE_STRICT_OBJC_MSGSEND = YES;
				ENABLE_TESTABILITY = YES;
				"EXCLUDED_ARCHS[sdk=iphonesimulator*]" = i386;
				GCC_C_LANGUAGE_STANDARD = gnu99;
				GCC_DYNAMIC_NO_PIC = NO;
				GCC_NO_COMMON_BLOCKS = YES;
				GCC_OPTIMIZATION_LEVEL = 0;
				GCC_PREPROCESSOR_DEFINITIONS = (
					"DEBUG=1",
					"$(inherited)",
				);
				GCC_SYMBOLS_PRIVATE_EXTERN = NO;
				GCC_WARN_64_TO_32_BIT_CONVERSION = YES;
				GCC_WARN_ABOUT_RETURN_TYPE = YES_ERROR;
				GCC_WARN_UNDECLARED_SELECTOR = YES;
				GCC_WARN_UNINITIALIZED_AUTOS = YES_AGGRESSIVE;
				GCC_WARN_UNUSED_FUNCTION = YES;
				GCC_WARN_UNUSED_VARIABLE = YES;
				IPHONEOS_DEPLOYMENT_TARGET = 13.0;
				LD_RUNPATH_SEARCH_PATHS = "/usr/lib/swift $(inherited)";
				LIBRARY_SEARCH_PATHS = "";
				MTL_ENABLE_DEBUG_INFO = YES;
				ONLY_ACTIVE_ARCH = YES;
				SDKROOT = iphoneos;
			};
			name = Debug;
		};
		83CBBA211A601CBA00E9B192 /* Release */ = {
			isa = XCBuildConfiguration;
			buildSettings = {
				ALWAYS_SEARCH_USER_PATHS = NO;
				CLANG_ANALYZER_LOCALIZABILITY_NONLOCALIZED = YES;
				CLANG_CXX_LANGUAGE_STANDARD = "gnu++0x";
				CLANG_CXX_LIBRARY = "libc++";
				CLANG_ENABLE_MODULES = YES;
				CLANG_ENABLE_OBJC_ARC = YES;
				CLANG_WARN_BLOCK_CAPTURE_AUTORELEASING = YES;
				CLANG_WARN_BOOL_CONVERSION = YES;
				CLANG_WARN_COMMA = YES;
				CLANG_WARN_CONSTANT_CONVERSION = YES;
				CLANG_WARN_DEPRECATED_OBJC_IMPLEMENTATIONS = YES;
				CLANG_WARN_DIRECT_OBJC_ISA_USAGE = YES_ERROR;
				CLANG_WARN_EMPTY_BODY = YES;
				CLANG_WARN_ENUM_CONVERSION = YES;
				CLANG_WARN_INFINITE_RECURSION = YES;
				CLANG_WARN_INT_CONVERSION = YES;
				CLANG_WARN_NON_LITERAL_NULL_CONVERSION = YES;
				CLANG_WARN_OBJC_IMPLICIT_RETAIN_SELF = YES;
				CLANG_WARN_OBJC_LITERAL_CONVERSION = YES;
				CLANG_WARN_OBJC_ROOT_CLASS = YES_ERROR;
				CLANG_WARN_RANGE_LOOP_ANALYSIS = YES;
				CLANG_WARN_STRICT_PROTOTYPES = YES;
				CLANG_WARN_SUSPICIOUS_MOVE = YES;
				CLANG_WARN_UNREACHABLE_CODE = YES;
				CLANG_WARN__DUPLICATE_METHOD_MATCH = YES;
				"CODE_SIGN_IDENTITY[sdk=iphoneos*]" = "iPhone Developer";
				COPY_PHASE_STRIP = YES;
				ENABLE_NS_ASSERTIONS = NO;
				ENABLE_STRICT_OBJC_MSGSEND = YES;
				"EXCLUDED_ARCHS[sdk=iphonesimulator*]" = i386;
				GCC_C_LANGUAGE_STANDARD = gnu99;
				GCC_NO_COMMON_BLOCKS = YES;
				GCC_WARN_64_TO_32_BIT_CONVERSION = YES;
				GCC_WARN_ABOUT_RETURN_TYPE = YES_ERROR;
				GCC_WARN_UNDECLARED_SELECTOR = YES;
				GCC_WARN_UNINITIALIZED_AUTOS = YES_AGGRESSIVE;
				GCC_WARN_UNUSED_FUNCTION = YES;
				GCC_WARN_UNUSED_VARIABLE = YES;
				IPHONEOS_DEPLOYMENT_TARGET = 13.0;
				LD_RUNPATH_SEARCH_PATHS = "/usr/lib/swift $(inherited)";
				LIBRARY_SEARCH_PATHS = "";
				"LIBRARY_SEARCH_PATHS[arch=*]" = "";
				MTL_ENABLE_DEBUG_INFO = NO;
				SDKROOT = iphoneos;
				VALIDATE_PRODUCT = YES;
			};
			name = Release;
		};
/* End XCBuildConfiguration section */

/* Begin XCConfigurationList section */
		13B07F931A680F5B00A75B9A /* Build configuration list for PBXNativeTarget "rentachef" */ = {
			isa = XCConfigurationList;
			buildConfigurations = (
				13B07F941A680F5B00A75B9A /* Debug */,
				13B07F951A680F5B00A75B9A /* Release */,
			);
			defaultConfigurationIsVisible = 0;
			defaultConfigurationName = Release;
		};
		83CBB9FA1A601CBA00E9B192 /* Build configuration list for PBXProject "rentachef" */ = {
			isa = XCConfigurationList;
			buildConfigurations = (
				83CBBA201A601CBA00E9B192 /* Debug */,
				83CBBA211A601CBA00E9B192 /* Release */,
			);
			defaultConfigurationIsVisible = 0;
			defaultConfigurationName = Release;
		};
/* End XCConfigurationList section */
	};
	rootObject = 83CBB9F71A601CBA00E9B192 /* Project object */;
}
